// !$*UTF8*$!
{
	archiveVersion = 1;
	classes = {
	};
	objectVersion = 56;
	objects = {

/* Begin PBXBuildFile section */
		8FF54257A92DEF387102E39C /* Pods_CostCenterSDK.framework in Frameworks */ = {isa = PBXBuildFile; fileRef = 6D4AE60E87D48C35DA6337ED /* Pods_CostCenterSDK.framework */; };
		9F052DE90CD040C4DE4EAD74 /* Pods_CostCenterSDK_CostCenterSDKTests.framework in Frameworks */ = {isa = PBXBuildFile; fileRef = E991DCE895217EF9A252EC92 /* Pods_CostCenterSDK_CostCenterSDKTests.framework */; };
		D40477262B9A1BA300FEB6ED /* CostCenterSDK.docc in Sources */ = {isa = PBXBuildFile; fileRef = D40477252B9A1BA300FEB6ED /* CostCenterSDK.docc */; };
		D404772C2B9A1BA300FEB6ED /* CostCenterSDK.framework in Frameworks */ = {isa = PBXBuildFile; fileRef = D40477212B9A1BA300FEB6ED /* CostCenterSDK.framework */; };
		D40477322B9A1BA300FEB6ED /* CostCenterSDK.h in Headers */ = {isa = PBXBuildFile; fileRef = D40477242B9A1BA300FEB6ED /* CostCenterSDK.h */; settings = {ATTRIBUTES = (Public, ); }; };
		D404773E2B9A1C0300FEB6ED /* CostCenterSDK.swift in Sources */ = {isa = PBXBuildFile; fileRef = D404773D2B9A1C0300FEB6ED /* CostCenterSDK.swift */; };
		D42CA83C2B9D6C8E00C92530 /* ApiManager.swift in Sources */ = {isa = PBXBuildFile; fileRef = D42CA83B2B9D6C8E00C92530 /* ApiManager.swift */; };
		D42CA83E2B9D6C9600C92530 /* AdsManager.swift in Sources */ = {isa = PBXBuildFile; fileRef = D42CA83D2B9D6C9600C92530 /* AdsManager.swift */; };
		D4BF64C42BA9CEB800337724 /* AppInfo.swift in Sources */ = {isa = PBXBuildFile; fileRef = D4BF64C32BA9CEB800337724 /* AppInfo.swift */; };
/* End PBXBuildFile section */

/* Begin PBXContainerItemProxy section */
		D404772D2B9A1BA300FEB6ED /* PBXContainerItemProxy */ = {
			isa = PBXContainerItemProxy;
			containerPortal = D40477182B9A1BA300FEB6ED /* Project object */;
			proxyType = 1;
			remoteGlobalIDString = D40477202B9A1BA300FEB6ED;
			remoteInfo = CostCenterSDK;
		};
/* End PBXContainerItemProxy section */

/* Begin PBXFileReference section */
		6D4AE60E87D48C35DA6337ED /* Pods_CostCenterSDK.framework */ = {isa = PBXFileReference; explicitFileType = wrapper.framework; includeInIndex = 0; path = Pods_CostCenterSDK.framework; sourceTree = BUILT_PRODUCTS_DIR; };
		AFCEF9E5903B8E72158B6169 /* Pods-CostCenterSDK.debug.xcconfig */ = {isa = PBXFileReference; includeInIndex = 1; lastKnownFileType = text.xcconfig; name = "Pods-CostCenterSDK.debug.xcconfig"; path = "Target Support Files/Pods-CostCenterSDK/Pods-CostCenterSDK.debug.xcconfig"; sourceTree = "<group>"; };
		C3DC9E39B0380A7D0E346FF8 /* Pods-CostCenterSDK.release.xcconfig */ = {isa = PBXFileReference; includeInIndex = 1; lastKnownFileType = text.xcconfig; name = "Pods-CostCenterSDK.release.xcconfig"; path = "Target Support Files/Pods-CostCenterSDK/Pods-CostCenterSDK.release.xcconfig"; sourceTree = "<group>"; };
		CA67C2686241CD0AFC1C2F3A /* Pods-CostCenterSDK-CostCenterSDKTests.debug.xcconfig */ = {isa = PBXFileReference; includeInIndex = 1; lastKnownFileType = text.xcconfig; name = "Pods-CostCenterSDK-CostCenterSDKTests.debug.xcconfig"; path = "Target Support Files/Pods-CostCenterSDK-CostCenterSDKTests/Pods-CostCenterSDK-CostCenterSDKTests.debug.xcconfig"; sourceTree = "<group>"; };
		D40477212B9A1BA300FEB6ED /* CostCenterSDK.framework */ = {isa = PBXFileReference; explicitFileType = wrapper.framework; includeInIndex = 0; path = CostCenterSDK.framework; sourceTree = BUILT_PRODUCTS_DIR; };
		D40477242B9A1BA300FEB6ED /* CostCenterSDK.h */ = {isa = PBXFileReference; lastKnownFileType = sourcecode.c.h; path = CostCenterSDK.h; sourceTree = "<group>"; };
		D40477252B9A1BA300FEB6ED /* CostCenterSDK.docc */ = {isa = PBXFileReference; lastKnownFileType = folder.documentationcatalog; path = CostCenterSDK.docc; sourceTree = "<group>"; };
		D404772B2B9A1BA300FEB6ED /* CostCenterSDKTests.xctest */ = {isa = PBXFileReference; explicitFileType = wrapper.cfbundle; includeInIndex = 0; path = CostCenterSDKTests.xctest; sourceTree = BUILT_PRODUCTS_DIR; };
		D404773D2B9A1C0300FEB6ED /* CostCenterSDK.swift */ = {isa = PBXFileReference; lastKnownFileType = sourcecode.swift; path = CostCenterSDK.swift; sourceTree = "<group>"; };
		D42CA83B2B9D6C8E00C92530 /* ApiManager.swift */ = {isa = PBXFileReference; fileEncoding = 4; lastKnownFileType = sourcecode.swift; path = ApiManager.swift; sourceTree = "<group>"; };
		D42CA83D2B9D6C9600C92530 /* AdsManager.swift */ = {isa = PBXFileReference; fileEncoding = 4; lastKnownFileType = sourcecode.swift; path = AdsManager.swift; sourceTree = "<group>"; };
		D4BF64C32BA9CEB800337724 /* AppInfo.swift */ = {isa = PBXFileReference; lastKnownFileType = sourcecode.swift; path = AppInfo.swift; sourceTree = "<group>"; };
		E032CEE033A77AB189DF5343 /* Pods-CostCenterSDK-CostCenterSDKTests.release.xcconfig */ = {isa = PBXFileReference; includeInIndex = 1; lastKnownFileType = text.xcconfig; name = "Pods-CostCenterSDK-CostCenterSDKTests.release.xcconfig"; path = "Target Support Files/Pods-CostCenterSDK-CostCenterSDKTests/Pods-CostCenterSDK-CostCenterSDKTests.release.xcconfig"; sourceTree = "<group>"; };
		E991DCE895217EF9A252EC92 /* Pods_CostCenterSDK_CostCenterSDKTests.framework */ = {isa = PBXFileReference; explicitFileType = wrapper.framework; includeInIndex = 0; path = Pods_CostCenterSDK_CostCenterSDKTests.framework; sourceTree = BUILT_PRODUCTS_DIR; };
/* End PBXFileReference section */

/* Begin PBXFrameworksBuildPhase section */
		D404771E2B9A1BA300FEB6ED /* Frameworks */ = {
			isa = PBXFrameworksBuildPhase;
			buildActionMask = 2147483647;
			files = (
				8FF54257A92DEF387102E39C /* Pods_CostCenterSDK.framework in Frameworks */,
			);
			runOnlyForDeploymentPostprocessing = 0;
		};
		D40477282B9A1BA300FEB6ED /* Frameworks */ = {
			isa = PBXFrameworksBuildPhase;
			buildActionMask = 2147483647;
			files = (
				D404772C2B9A1BA300FEB6ED /* CostCenterSDK.framework in Frameworks */,
				9F052DE90CD040C4DE4EAD74 /* Pods_CostCenterSDK_CostCenterSDKTests.framework in Frameworks */,
			);
			runOnlyForDeploymentPostprocessing = 0;
		};
/* End PBXFrameworksBuildPhase section */

/* Begin PBXGroup section */
		24D3FB2D7EF6C98B64848074 /* Frameworks */ = {
			isa = PBXGroup;
			children = (
				6D4AE60E87D48C35DA6337ED /* Pods_CostCenterSDK.framework */,
				E991DCE895217EF9A252EC92 /* Pods_CostCenterSDK_CostCenterSDKTests.framework */,
			);
			name = Frameworks;
			sourceTree = "<group>";
		};
		7E97AD38D3090CAA77BBB402 /* Pods */ = {
			isa = PBXGroup;
			children = (
				AFCEF9E5903B8E72158B6169 /* Pods-CostCenterSDK.debug.xcconfig */,
				C3DC9E39B0380A7D0E346FF8 /* Pods-CostCenterSDK.release.xcconfig */,
				CA67C2686241CD0AFC1C2F3A /* Pods-CostCenterSDK-CostCenterSDKTests.debug.xcconfig */,
				E032CEE033A77AB189DF5343 /* Pods-CostCenterSDK-CostCenterSDKTests.release.xcconfig */,
			);
			path = Pods;
			sourceTree = "<group>";
		};
		D40477172B9A1BA300FEB6ED = {
			isa = PBXGroup;
			children = (
				D40477232B9A1BA300FEB6ED /* CostCenterSDK */,
				D40477222B9A1BA300FEB6ED /* Products */,
				7E97AD38D3090CAA77BBB402 /* Pods */,
				24D3FB2D7EF6C98B64848074 /* Frameworks */,
			);
			sourceTree = "<group>";
		};
		D40477222B9A1BA300FEB6ED /* Products */ = {
			isa = PBXGroup;
			children = (
				D40477212B9A1BA300FEB6ED /* CostCenterSDK.framework */,
				D404772B2B9A1BA300FEB6ED /* CostCenterSDKTests.xctest */,
			);
			name = Products;
			sourceTree = "<group>";
		};
		D40477232B9A1BA300FEB6ED /* CostCenterSDK */ = {
			isa = PBXGroup;
			children = (
				D42CA83D2B9D6C9600C92530 /* AdsManager.swift */,
				D42CA83B2B9D6C8E00C92530 /* ApiManager.swift */,
				D40477242B9A1BA300FEB6ED /* CostCenterSDK.h */,
				D40477252B9A1BA300FEB6ED /* CostCenterSDK.docc */,
				D404773D2B9A1C0300FEB6ED /* CostCenterSDK.swift */,
				D4BF64C32BA9CEB800337724 /* AppInfo.swift */,
			);
			path = CostCenterSDK;
			sourceTree = "<group>";
		};
/* End PBXGroup section */

/* Begin PBXHeadersBuildPhase section */
		D404771C2B9A1BA300FEB6ED /* Headers */ = {
			isa = PBXHeadersBuildPhase;
			buildActionMask = 2147483647;
			files = (
				D40477322B9A1BA300FEB6ED /* CostCenterSDK.h in Headers */,
			);
			runOnlyForDeploymentPostprocessing = 0;
		};
/* End PBXHeadersBuildPhase section */

/* Begin PBXNativeTarget section */
		D40477202B9A1BA300FEB6ED /* CostCenterSDK */ = {
			isa = PBXNativeTarget;
			buildConfigurationList = D40477352B9A1BA300FEB6ED /* Build configuration list for PBXNativeTarget "CostCenterSDK" */;
			buildPhases = (
				71397A171102805B933C266D /* [CP] Check Pods Manifest.lock */,
				D404771C2B9A1BA300FEB6ED /* Headers */,
				D404771D2B9A1BA300FEB6ED /* Sources */,
				D404771E2B9A1BA300FEB6ED /* Frameworks */,
				D404771F2B9A1BA300FEB6ED /* Resources */,
			);
			buildRules = (
			);
			dependencies = (
			);
			name = CostCenterSDK;
			productName = CostCenterSDK;
			productReference = D40477212B9A1BA300FEB6ED /* CostCenterSDK.framework */;
			productType = "com.apple.product-type.framework";
		};
		D404772A2B9A1BA300FEB6ED /* CostCenterSDKTests */ = {
			isa = PBXNativeTarget;
			buildConfigurationList = D40477382B9A1BA300FEB6ED /* Build configuration list for PBXNativeTarget "CostCenterSDKTests" */;
			buildPhases = (
				E1278800B316541B37C4A93C /* [CP] Check Pods Manifest.lock */,
				D40477272B9A1BA300FEB6ED /* Sources */,
				D40477282B9A1BA300FEB6ED /* Frameworks */,
				D40477292B9A1BA300FEB6ED /* Resources */,
				748F5B063A979A4542847603 /* [CP] Embed Pods Frameworks */,
			);
			buildRules = (
			);
			dependencies = (
				D404772E2B9A1BA300FEB6ED /* PBXTargetDependency */,
			);
			name = CostCenterSDKTests;
			productName = CostCenterSDKTests;
			productReference = D404772B2B9A1BA300FEB6ED /* CostCenterSDKTests.xctest */;
			productType = "com.apple.product-type.bundle.unit-test";
		};
/* End PBXNativeTarget section */

/* Begin PBXProject section */
		D40477182B9A1BA300FEB6ED /* Project object */ = {
			isa = PBXProject;
			attributes = {
				BuildIndependentTargetsInParallel = 1;
				LastSwiftUpdateCheck = 1510;
				LastUpgradeCheck = 1510;
				TargetAttributes = {
					D40477202B9A1BA300FEB6ED = {
						CreatedOnToolsVersion = 15.1;
					};
					D404772A2B9A1BA300FEB6ED = {
						CreatedOnToolsVersion = 15.1;
					};
				};
			};
			buildConfigurationList = D404771B2B9A1BA300FEB6ED /* Build configuration list for PBXProject "CostCenterSDK" */;
			compatibilityVersion = "Xcode 14.0";
			developmentRegion = en;
			hasScannedForEncodings = 0;
			knownRegions = (
				en,
				Base,
			);
			mainGroup = D40477172B9A1BA300FEB6ED;
			productRefGroup = D40477222B9A1BA300FEB6ED /* Products */;
			projectDirPath = "";
			projectRoot = "";
			targets = (
				D40477202B9A1BA300FEB6ED /* CostCenterSDK */,
				D404772A2B9A1BA300FEB6ED /* CostCenterSDKTests */,
			);
		};
/* End PBXProject section */

/* Begin PBXResourcesBuildPhase section */
		D404771F2B9A1BA300FEB6ED /* Resources */ = {
			isa = PBXResourcesBuildPhase;
			buildActionMask = 2147483647;
			files = (
			);
			runOnlyForDeploymentPostprocessing = 0;
		};
		D40477292B9A1BA300FEB6ED /* Resources */ = {
			isa = PBXResourcesBuildPhase;
			buildActionMask = 2147483647;
			files = (
			);
			runOnlyForDeploymentPostprocessing = 0;
		};
/* End PBXResourcesBuildPhase section */

/* Begin PBXShellScriptBuildPhase section */
		71397A171102805B933C266D /* [CP] Check Pods Manifest.lock */ = {
			isa = PBXShellScriptBuildPhase;
			buildActionMask = 2147483647;
			files = (
			);
			inputFileListPaths = (
			);
			inputPaths = (
				"${PODS_PODFILE_DIR_PATH}/Podfile.lock",
				"${PODS_ROOT}/Manifest.lock",
			);
			name = "[CP] Check Pods Manifest.lock";
			outputFileListPaths = (
			);
			outputPaths = (
				"$(DERIVED_FILE_DIR)/Pods-CostCenterSDK-checkManifestLockResult.txt",
			);
			runOnlyForDeploymentPostprocessing = 0;
			shellPath = /bin/sh;
			shellScript = "diff \"${PODS_PODFILE_DIR_PATH}/Podfile.lock\" \"${PODS_ROOT}/Manifest.lock\" > /dev/null\nif [ $? != 0 ] ; then\n    # print error to STDERR\n    echo \"error: The sandbox is not in sync with the Podfile.lock. Run 'pod install' or update your CocoaPods installation.\" >&2\n    exit 1\nfi\n# This output is used by Xcode 'outputs' to avoid re-running this script phase.\necho \"SUCCESS\" > \"${SCRIPT_OUTPUT_FILE_0}\"\n";
			showEnvVarsInLog = 0;
		};
		748F5B063A979A4542847603 /* [CP] Embed Pods Frameworks */ = {
			isa = PBXShellScriptBuildPhase;
			buildActionMask = 2147483647;
			files = (
			);
			inputFileListPaths = (
				"${PODS_ROOT}/Target Support Files/Pods-CostCenterSDK-CostCenterSDKTests/Pods-CostCenterSDK-CostCenterSDKTests-frameworks-${CONFIGURATION}-input-files.xcfilelist",
			);
			name = "[CP] Embed Pods Frameworks";
			outputFileListPaths = (
				"${PODS_ROOT}/Target Support Files/Pods-CostCenterSDK-CostCenterSDKTests/Pods-CostCenterSDK-CostCenterSDKTests-frameworks-${CONFIGURATION}-output-files.xcfilelist",
			);
			runOnlyForDeploymentPostprocessing = 0;
			shellPath = /bin/sh;
			shellScript = "\"${PODS_ROOT}/Target Support Files/Pods-CostCenterSDK-CostCenterSDKTests/Pods-CostCenterSDK-CostCenterSDKTests-frameworks.sh\"\n";
			showEnvVarsInLog = 0;
		};
		E1278800B316541B37C4A93C /* [CP] Check Pods Manifest.lock */ = {
			isa = PBXShellScriptBuildPhase;
			buildActionMask = 2147483647;
			files = (
			);
			inputFileListPaths = (
			);
			inputPaths = (
				"${PODS_PODFILE_DIR_PATH}/Podfile.lock",
				"${PODS_ROOT}/Manifest.lock",
			);
			name = "[CP] Check Pods Manifest.lock";
			outputFileListPaths = (
			);
			outputPaths = (
				"$(DERIVED_FILE_DIR)/Pods-CostCenterSDK-CostCenterSDKTests-checkManifestLockResult.txt",
			);
			runOnlyForDeploymentPostprocessing = 0;
			shellPath = /bin/sh;
			shellScript = "diff \"${PODS_PODFILE_DIR_PATH}/Podfile.lock\" \"${PODS_ROOT}/Manifest.lock\" > /dev/null\nif [ $? != 0 ] ; then\n    # print error to STDERR\n    echo \"error: The sandbox is not in sync with the Podfile.lock. Run 'pod install' or update your CocoaPods installation.\" >&2\n    exit 1\nfi\n# This output is used by Xcode 'outputs' to avoid re-running this script phase.\necho \"SUCCESS\" > \"${SCRIPT_OUTPUT_FILE_0}\"\n";
			showEnvVarsInLog = 0;
		};
/* End PBXShellScriptBuildPhase section */

/* Begin PBXSourcesBuildPhase section */
		D404771D2B9A1BA300FEB6ED /* Sources */ = {
			isa = PBXSourcesBuildPhase;
			buildActionMask = 2147483647;
			files = (
				D42CA83C2B9D6C8E00C92530 /* ApiManager.swift in Sources */,
				D4BF64C42BA9CEB800337724 /* AppInfo.swift in Sources */,
				D42CA83E2B9D6C9600C92530 /* AdsManager.swift in Sources */,
				D404773E2B9A1C0300FEB6ED /* CostCenterSDK.swift in Sources */,
				D40477262B9A1BA300FEB6ED /* CostCenterSDK.docc in Sources */,
			);
			runOnlyForDeploymentPostprocessing = 0;
		};
		D40477272B9A1BA300FEB6ED /* Sources */ = {
			isa = PBXSourcesBuildPhase;
			buildActionMask = 2147483647;
			files = (
			);
			runOnlyForDeploymentPostprocessing = 0;
		};
/* End PBXSourcesBuildPhase section */

/* Begin PBXTargetDependency section */
		D404772E2B9A1BA300FEB6ED /* PBXTargetDependency */ = {
			isa = PBXTargetDependency;
			target = D40477202B9A1BA300FEB6ED /* CostCenterSDK */;
			targetProxy = D404772D2B9A1BA300FEB6ED /* PBXContainerItemProxy */;
		};
/* End PBXTargetDependency section */

/* Begin XCBuildConfiguration section */
		D40477332B9A1BA300FEB6ED /* Debug */ = {
			isa = XCBuildConfiguration;
			buildSettings = {
				ALWAYS_SEARCH_USER_PATHS = NO;
				ASSETCATALOG_COMPILER_GENERATE_SWIFT_ASSET_SYMBOL_EXTENSIONS = YES;
				CLANG_ANALYZER_NONNULL = YES;
				CLANG_ANALYZER_NUMBER_OBJECT_CONVERSION = YES_AGGRESSIVE;
				CLANG_CXX_LANGUAGE_STANDARD = "gnu++20";
				CLANG_ENABLE_MODULES = YES;
				CLANG_ENABLE_OBJC_ARC = YES;
				CLANG_ENABLE_OBJC_WEAK = YES;
				CLANG_WARN_BLOCK_CAPTURE_AUTORELEASING = YES;
				CLANG_WARN_BOOL_CONVERSION = YES;
				CLANG_WARN_COMMA = YES;
				CLANG_WARN_CONSTANT_CONVERSION = YES;
				CLANG_WARN_DEPRECATED_OBJC_IMPLEMENTATIONS = YES;
				CLANG_WARN_DIRECT_OBJC_ISA_USAGE = YES_ERROR;
				CLANG_WARN_DOCUMENTATION_COMMENTS = YES;
				CLANG_WARN_EMPTY_BODY = YES;
				CLANG_WARN_ENUM_CONVERSION = YES;
				CLANG_WARN_INFINITE_RECURSION = YES;
				CLANG_WARN_INT_CONVERSION = YES;
				CLANG_WARN_NON_LITERAL_NULL_CONVERSION = YES;
				CLANG_WARN_OBJC_IMPLICIT_RETAIN_SELF = YES;
				CLANG_WARN_OBJC_LITERAL_CONVERSION = YES;
				CLANG_WARN_OBJC_ROOT_CLASS = YES_ERROR;
				CLANG_WARN_QUOTED_INCLUDE_IN_FRAMEWORK_HEADER = YES;
				CLANG_WARN_RANGE_LOOP_ANALYSIS = YES;
				CLANG_WARN_STRICT_PROTOTYPES = YES;
				CLANG_WARN_SUSPICIOUS_MOVE = YES;
				CLANG_WARN_UNGUARDED_AVAILABILITY = YES_AGGRESSIVE;
				CLANG_WARN_UNREACHABLE_CODE = YES;
				CLANG_WARN__DUPLICATE_METHOD_MATCH = YES;
				COPY_PHASE_STRIP = NO;
				CURRENT_PROJECT_VERSION = 1;
				DEBUG_INFORMATION_FORMAT = dwarf;
				ENABLE_STRICT_OBJC_MSGSEND = YES;
				ENABLE_TESTABILITY = YES;
				ENABLE_USER_SCRIPT_SANDBOXING = NO;
				GCC_C_LANGUAGE_STANDARD = gnu17;
				GCC_DYNAMIC_NO_PIC = NO;
				GCC_NO_COMMON_BLOCKS = YES;
				GCC_OPTIMIZATION_LEVEL = 0;
				GCC_PREPROCESSOR_DEFINITIONS = (
					"DEBUG=1",
					"$(inherited)",
				);
				GCC_WARN_64_TO_32_BIT_CONVERSION = YES;
				GCC_WARN_ABOUT_RETURN_TYPE = YES_ERROR;
				GCC_WARN_UNDECLARED_SELECTOR = YES;
				GCC_WARN_UNINITIALIZED_AUTOS = YES_AGGRESSIVE;
				GCC_WARN_UNUSED_FUNCTION = YES;
				GCC_WARN_UNUSED_VARIABLE = YES;
				IPHONEOS_DEPLOYMENT_TARGET = 17.2;
				LOCALIZATION_PREFERS_STRING_CATALOGS = YES;
				MTL_ENABLE_DEBUG_INFO = INCLUDE_SOURCE;
				MTL_FAST_MATH = YES;
				ONLY_ACTIVE_ARCH = YES;
				SDKROOT = iphoneos;
				SWIFT_ACTIVE_COMPILATION_CONDITIONS = "DEBUG $(inherited)";
				SWIFT_OPTIMIZATION_LEVEL = "-Onone";
				VERSIONING_SYSTEM = "apple-generic";
				VERSION_INFO_PREFIX = "";
			};
			name = Debug;
		};
		D40477342B9A1BA300FEB6ED /* Release */ = {
			isa = XCBuildConfiguration;
			buildSettings = {
				ALWAYS_SEARCH_USER_PATHS = NO;
				ASSETCATALOG_COMPILER_GENERATE_SWIFT_ASSET_SYMBOL_EXTENSIONS = YES;
				CLANG_ANALYZER_NONNULL = YES;
				CLANG_ANALYZER_NUMBER_OBJECT_CONVERSION = YES_AGGRESSIVE;
				CLANG_CXX_LANGUAGE_STANDARD = "gnu++20";
				CLANG_ENABLE_MODULES = YES;
				CLANG_ENABLE_OBJC_ARC = YES;
				CLANG_ENABLE_OBJC_WEAK = YES;
				CLANG_WARN_BLOCK_CAPTURE_AUTORELEASING = YES;
				CLANG_WARN_BOOL_CONVERSION = YES;
				CLANG_WARN_COMMA = YES;
				CLANG_WARN_CONSTANT_CONVERSION = YES;
				CLANG_WARN_DEPRECATED_OBJC_IMPLEMENTATIONS = YES;
				CLANG_WARN_DIRECT_OBJC_ISA_USAGE = YES_ERROR;
				CLANG_WARN_DOCUMENTATION_COMMENTS = YES;
				CLANG_WARN_EMPTY_BODY = YES;
				CLANG_WARN_ENUM_CONVERSION = YES;
				CLANG_WARN_INFINITE_RECURSION = YES;
				CLANG_WARN_INT_CONVERSION = YES;
				CLANG_WARN_NON_LITERAL_NULL_CONVERSION = YES;
				CLANG_WARN_OBJC_IMPLICIT_RETAIN_SELF = YES;
				CLANG_WARN_OBJC_LITERAL_CONVERSION = YES;
				CLANG_WARN_OBJC_ROOT_CLASS = YES_ERROR;
				CLANG_WARN_QUOTED_INCLUDE_IN_FRAMEWORK_HEADER = YES;
				CLANG_WARN_RANGE_LOOP_ANALYSIS = YES;
				CLANG_WARN_STRICT_PROTOTYPES = YES;
				CLANG_WARN_SUSPICIOUS_MOVE = YES;
				CLANG_WARN_UNGUARDED_AVAILABILITY = YES_AGGRESSIVE;
				CLANG_WARN_UNREACHABLE_CODE = YES;
				CLANG_WARN__DUPLICATE_METHOD_MATCH = YES;
				COPY_PHASE_STRIP = NO;
				CURRENT_PROJECT_VERSION = 1;
				DEBUG_INFORMATION_FORMAT = "dwarf-with-dsym";
				ENABLE_NS_ASSERTIONS = NO;
				ENABLE_STRICT_OBJC_MSGSEND = YES;
				ENABLE_USER_SCRIPT_SANDBOXING = NO;
				GCC_C_LANGUAGE_STANDARD = gnu17;
				GCC_NO_COMMON_BLOCKS = YES;
				GCC_WARN_64_TO_32_BIT_CONVERSION = YES;
				GCC_WARN_ABOUT_RETURN_TYPE = YES_ERROR;
				GCC_WARN_UNDECLARED_SELECTOR = YES;
				GCC_WARN_UNINITIALIZED_AUTOS = YES_AGGRESSIVE;
				GCC_WARN_UNUSED_FUNCTION = YES;
				GCC_WARN_UNUSED_VARIABLE = YES;
				IPHONEOS_DEPLOYMENT_TARGET = 17.2;
				LOCALIZATION_PREFERS_STRING_CATALOGS = YES;
				MTL_ENABLE_DEBUG_INFO = NO;
				MTL_FAST_MATH = YES;
				SDKROOT = iphoneos;
				SWIFT_COMPILATION_MODE = wholemodule;
				VALIDATE_PRODUCT = YES;
				VERSIONING_SYSTEM = "apple-generic";
				VERSION_INFO_PREFIX = "";
			};
			name = Release;
		};
		D40477362B9A1BA300FEB6ED /* Debug */ = {
			isa = XCBuildConfiguration;
			baseConfigurationReference = AFCEF9E5903B8E72158B6169 /* Pods-CostCenterSDK.debug.xcconfig */;
			buildSettings = {
				CODE_SIGN_STYLE = Automatic;
				CURRENT_PROJECT_VERSION = 1;
				DEFINES_MODULE = YES;
				DYLIB_COMPATIBILITY_VERSION = 1;
				DYLIB_CURRENT_VERSION = 1;
				DYLIB_INSTALL_NAME_BASE = "@rpath";
				ENABLE_MODULE_VERIFIER = YES;
				GENERATE_INFOPLIST_FILE = YES;
				INFOPLIST_KEY_NSHumanReadableCopyright = "";
				INSTALL_PATH = "$(LOCAL_LIBRARY_DIR)/Frameworks";
				LD_RUNPATH_SEARCH_PATHS = (
					"$(inherited)",
					"@executable_path/Frameworks",
					"@loader_path/Frameworks",
				);
				MARKETING_VERSION = 1.0;
				MODULE_VERIFIER_SUPPORTED_LANGUAGES = "objective-c objective-c++";
				MODULE_VERIFIER_SUPPORTED_LANGUAGE_STANDARDS = "gnu17 gnu++20";
				PRODUCT_BUNDLE_IDENTIFIER = com.costcenter.CostCenterSDK;
				PRODUCT_NAME = "$(TARGET_NAME:c99extidentifier)";
				SKIP_INSTALL = YES;
				SWIFT_EMIT_LOC_STRINGS = YES;
				SWIFT_VERSION = 5.0;
				TARGETED_DEVICE_FAMILY = "1,2";
			};
			name = Debug;
		};
		D40477372B9A1BA300FEB6ED /* Release */ = {
			isa = XCBuildConfiguration;
			baseConfigurationReference = C3DC9E39B0380A7D0E346FF8 /* Pods-CostCenterSDK.release.xcconfig */;
			buildSettings = {
				CODE_SIGN_STYLE = Automatic;
				CURRENT_PROJECT_VERSION = 1;
				DEFINES_MODULE = YES;
				DYLIB_COMPATIBILITY_VERSION = 1;
				DYLIB_CURRENT_VERSION = 1;
				DYLIB_INSTALL_NAME_BASE = "@rpath";
				ENABLE_MODULE_VERIFIER = YES;
				GENERATE_INFOPLIST_FILE = YES;
				INFOPLIST_KEY_NSHumanReadableCopyright = "";
				INSTALL_PATH = "$(LOCAL_LIBRARY_DIR)/Frameworks";
				LD_RUNPATH_SEARCH_PATHS = (
					"$(inherited)",
					"@executable_path/Frameworks",
					"@loader_path/Frameworks",
				);
				MARKETING_VERSION = 1.0;
				MODULE_VERIFIER_SUPPORTED_LANGUAGES = "objective-c objective-c++";
				MODULE_VERIFIER_SUPPORTED_LANGUAGE_STANDARDS = "gnu17 gnu++20";
				PRODUCT_BUNDLE_IDENTIFIER = com.costcenter.CostCenterSDK;
				PRODUCT_NAME = "$(TARGET_NAME:c99extidentifier)";
				SKIP_INSTALL = YES;
				SWIFT_EMIT_LOC_STRINGS = YES;
				SWIFT_VERSION = 5.0;
				TARGETED_DEVICE_FAMILY = "1,2";
			};
			name = Release;
		};
		D40477392B9A1BA300FEB6ED /* Debug */ = {
			isa = XCBuildConfiguration;
			baseConfigurationReference = CA67C2686241CD0AFC1C2F3A /* Pods-CostCenterSDK-CostCenterSDKTests.debug.xcconfig */;
			buildSettings = {
				ALWAYS_EMBED_SWIFT_STANDARD_LIBRARIES = YES;
				CODE_SIGN_STYLE = Automatic;
				CURRENT_PROJECT_VERSION = 1;
				GENERATE_INFOPLIST_FILE = YES;
				MARKETING_VERSION = 1.0;
				PRODUCT_BUNDLE_IDENTIFIER = com.costcenter.CostCenterSDKTests;
				PRODUCT_NAME = "$(TARGET_NAME)";
				SWIFT_EMIT_LOC_STRINGS = NO;
				SWIFT_VERSION = 5.0;
				TARGETED_DEVICE_FAMILY = "1,2";
			};
			name = Debug;
		};
		D404773A2B9A1BA300FEB6ED /* Release */ = {
			isa = XCBuildConfiguration;
			baseConfigurationReference = E032CEE033A77AB189DF5343 /* Pods-CostCenterSDK-CostCenterSDKTests.release.xcconfig */;
			buildSettings = {
				ALWAYS_EMBED_SWIFT_STANDARD_LIBRARIES = YES;
				CODE_SIGN_STYLE = Automatic;
				CURRENT_PROJECT_VERSION = 1;
				GENERATE_INFOPLIST_FILE = YES;
				MARKETING_VERSION = 1.0;
				PRODUCT_BUNDLE_IDENTIFIER = com.costcenter.CostCenterSDKTests;
				PRODUCT_NAME = "$(TARGET_NAME)";
				SWIFT_EMIT_LOC_STRINGS = NO;
				SWIFT_VERSION = 5.0;
				TARGETED_DEVICE_FAMILY = "1,2";
			};
			name = Release;
		};
/* End XCBuildConfiguration section */

/* Begin XCConfigurationList section */
		D404771B2B9A1BA300FEB6ED /* Build configuration list for PBXProject "CostCenterSDK" */ = {
			isa = XCConfigurationList;
			buildConfigurations = (
				D40477332B9A1BA300FEB6ED /* Debug */,
				D40477342B9A1BA300FEB6ED /* Release */,
			);
			defaultConfigurationIsVisible = 0;
			defaultConfigurationName = Release;
		};
		D40477352B9A1BA300FEB6ED /* Build configuration list for PBXNativeTarget "CostCenterSDK" */ = {
			isa = XCConfigurationList;
			buildConfigurations = (
				D40477362B9A1BA300FEB6ED /* Debug */,
				D40477372B9A1BA300FEB6ED /* Release */,
			);
			defaultConfigurationIsVisible = 0;
			defaultConfigurationName = Release;
		};
		D40477382B9A1BA300FEB6ED /* Build configuration list for PBXNativeTarget "CostCenterSDKTests" */ = {
			isa = XCConfigurationList;
			buildConfigurations = (
				D40477392B9A1BA300FEB6ED /* Debug */,
				D404773A2B9A1BA300FEB6ED /* Release */,
			);
			defaultConfigurationIsVisible = 0;
			defaultConfigurationName = Release;
		};
/* End XCConfigurationList section */
	};
	rootObject = D40477182B9A1BA300FEB6ED /* Project object */;
}
